<?xml version="1.0" encoding="utf-8"?>
<Project ToolsVersion="4.0" xmlns="http://schemas.microsoft.com/developer/msbuild/2003">
  <ItemGroup>
    <Filter Include="Source Files">
      <UniqueIdentifier>{4FC737F1-C7A5-4376-A066-2A32D752A2FF}</UniqueIdentifier>
      <Extensions>cpp;c;cc;cxx;c++;cppm;ixx;def;odl;idl;hpj;bat;asm;asmx</Extensions>
    </Filter>
    <Filter Include="3rd Party">
      <UniqueIdentifier>{93995380-89BD-4b04-88EB-625FBE52EBFB}</UniqueIdentifier>
      <Extensions>h;hh;hpp;hxx;h++;hm;inl;inc;ipp;xsd</Extensions>
    </Filter>
    <Filter Include="Source Files\chips">
      <UniqueIdentifier>{ce66db3d-2362-40b1-a283-cd069b1c259f}</UniqueIdentifier>
    </Filter>
  </ItemGroup>
  <ItemGroup>
    <ClCompile Include="source\main.cpp">
      <Filter>Source Files</Filter>
    </ClCompile>
    <ClCompile Include="source\application.cpp">
      <Filter>Source Files</Filter>
    </ClCompile>
    <ClCompile Include="source\graphicChunk.cpp">
      <Filter>Source Files</Filter>
    </ClCompile>
    <ClCompile Include="source\sourcefile.cpp">
      <Filter>Source Files</Filter>
    </ClCompile>
    <ClCompile Include="source\editWindow.cpp">
      <Filter>Source Files</Filter>
    </ClCompile>
    <ClCompile Include="source\compiler.cpp">
      <Filter>Source Files</Filter>
    </ClCompile>
    <ClCompile Include="source\appSettings.cpp">
      <Filter>Source Files</Filter>
    </ClCompile>
    <ClCompile Include="source\cmdManager.cpp">
      <Filter>Source Files</Filter>
    </ClCompile>
    <ClCompile Include="source\thread.cpp">
      <Filter>Source Files</Filter>
    </ClCompile>
    <ClCompile Include="source\logWindow.cpp">
      <Filter>Source Files</Filter>
    </ClCompile>
    <ClCompile Include="source\contextualHelp.cpp">
      <Filter>Source Files</Filter>
    </ClCompile>
    <ClCompile Include="source\tinyfiledialogs.c">
      <Filter>3rd Party</Filter>
    </ClCompile>
    <ClCompile Include="source\chips\cia1.cpp">
      <Filter>Source Files\chips</Filter>
    </ClCompile>
    <ClCompile Include="source\chips\cia2.cpp">
      <Filter>Source Files\chips</Filter>
    </ClCompile>
    <ClCompile Include="source\chips\cpu6502.cpp">
      <Filter>Source Files\chips</Filter>
    </ClCompile>
    <ClCompile Include="source\chips\sid.cpp">
      <Filter>Source Files\chips</Filter>
    </ClCompile>
    <ClCompile Include="source\chips\vic.cpp">
      <Filter>Source Files\chips</Filter>
    </ClCompile>
    <ClCompile Include="source\chips\memc64.cpp">
      <Filter>Source Files\chips</Filter>
    </ClCompile>
    <ClCompile Include="source\chips\c64ram.cpp">
      <Filter>Source Files\chips</Filter>
    </ClCompile>
    <ClCompile Include="source\emulatorc64.cpp">
      <Filter>Source Files</Filter>
    </ClCompile>
    <ClCompile Include="source\dockableManager.cpp">
      <Filter>Source Files</Filter>
    </ClCompile>
    <ClCompile Include="source\dockableWindow.cpp">
      <Filter>Source Files</Filter>
    </ClCompile>
    <ClCompile Include="source\uiItem_textButton.cpp">
      <Filter>Source Files</Filter>
    </ClCompile>
    <ClCompile Include="source\dockableWindow_log.cpp">
      <Filter>Source Files</Filter>
    </ClCompile>
    <ClCompile Include="source\dockableWindow_emulatorScreen.cpp">
      <Filter>Source Files</Filter>
    </ClCompile>
    <ClCompile Include="source\uiItem_textBox.cpp">
      <Filter>Source Files</Filter>
    </ClCompile>
    <ClCompile Include="source\dockableWindow_searchAndReplace.cpp">
      <Filter>Source Files</Filter>
    </ClCompile>
    <ClCompile Include="source\dockableWindow_memoryDump.cpp">
      <Filter>Source Files</Filter>
    </ClCompile>
  </ItemGroup>
  <ItemGroup>
    <ClInclude Include="source\common.h">
      <Filter>Source Files</Filter>
    </ClInclude>
    <ClInclude Include="source\application.h">
      <Filter>Source Files</Filter>
    </ClInclude>
    <ClInclude Include="source\sourceFile.h">
      <Filter>Source Files</Filter>
    </ClInclude>
    <ClInclude Include="source\graphicChunk.h">
      <Filter>Source Files</Filter>
    </ClInclude>
    <ClInclude Include="include\begin_code.h">
      <Filter>3rd Party</Filter>
    </ClInclude>
    <ClInclude Include="include\close_code.h">
      <Filter>3rd Party</Filter>
    </ClInclude>
    <ClInclude Include="include\SDL.h">
      <Filter>3rd Party</Filter>
    </ClInclude>
    <ClInclude Include="include\SDL_assert.h">
      <Filter>3rd Party</Filter>
    </ClInclude>
    <ClInclude Include="include\SDL_atomic.h">
      <Filter>3rd Party</Filter>
    </ClInclude>
    <ClInclude Include="include\SDL_audio.h">
      <Filter>3rd Party</Filter>
    </ClInclude>
    <ClInclude Include="include\SDL_bits.h">
      <Filter>3rd Party</Filter>
    </ClInclude>
    <ClInclude Include="include\SDL_blendmode.h">
      <Filter>3rd Party</Filter>
    </ClInclude>
    <ClInclude Include="include\SDL_clipboard.h">
      <Filter>3rd Party</Filter>
    </ClInclude>
    <ClInclude Include="include\SDL_config.h">
      <Filter>3rd Party</Filter>
    </ClInclude>
    <ClInclude Include="include\SDL_config_android.h">
      <Filter>3rd Party</Filter>
    </ClInclude>
    <ClInclude Include="include\SDL_config_iphoneos.h">
      <Filter>3rd Party</Filter>
    </ClInclude>
    <ClInclude Include="include\SDL_config_macosx.h">
      <Filter>3rd Party</Filter>
    </ClInclude>
    <ClInclude Include="include\SDL_config_minimal.h">
      <Filter>3rd Party</Filter>
    </ClInclude>
    <ClInclude Include="include\SDL_config_pandora.h">
      <Filter>3rd Party</Filter>
    </ClInclude>
    <ClInclude Include="include\SDL_config_psp.h">
      <Filter>3rd Party</Filter>
    </ClInclude>
    <ClInclude Include="include\SDL_config_windows.h">
      <Filter>3rd Party</Filter>
    </ClInclude>
    <ClInclude Include="include\SDL_config_winrt.h">
      <Filter>3rd Party</Filter>
    </ClInclude>
    <ClInclude Include="include\SDL_config_wiz.h">
      <Filter>3rd Party</Filter>
    </ClInclude>
    <ClInclude Include="include\SDL_copying.h">
      <Filter>3rd Party</Filter>
    </ClInclude>
    <ClInclude Include="include\SDL_cpuinfo.h">
      <Filter>3rd Party</Filter>
    </ClInclude>
    <ClInclude Include="include\SDL_egl.h">
      <Filter>3rd Party</Filter>
    </ClInclude>
    <ClInclude Include="include\SDL_endian.h">
      <Filter>3rd Party</Filter>
    </ClInclude>
    <ClInclude Include="include\SDL_error.h">
      <Filter>3rd Party</Filter>
    </ClInclude>
    <ClInclude Include="include\SDL_events.h">
      <Filter>3rd Party</Filter>
    </ClInclude>
    <ClInclude Include="include\SDL_filesystem.h">
      <Filter>3rd Party</Filter>
    </ClInclude>
    <ClInclude Include="include\SDL_gamecontroller.h">
      <Filter>3rd Party</Filter>
    </ClInclude>
    <ClInclude Include="include\SDL_gesture.h">
      <Filter>3rd Party</Filter>
    </ClInclude>
    <ClInclude Include="include\SDL_guid.h">
      <Filter>3rd Party</Filter>
    </ClInclude>
    <ClInclude Include="include\SDL_haptic.h">
      <Filter>3rd Party</Filter>
    </ClInclude>
    <ClInclude Include="include\SDL_hidapi.h">
      <Filter>3rd Party</Filter>
    </ClInclude>
    <ClInclude Include="include\SDL_hints.h">
      <Filter>3rd Party</Filter>
    </ClInclude>
    <ClInclude Include="include\SDL_joystick.h">
      <Filter>3rd Party</Filter>
    </ClInclude>
    <ClInclude Include="include\SDL_keyboard.h">
      <Filter>3rd Party</Filter>
    </ClInclude>
    <ClInclude Include="include\SDL_keycode.h">
      <Filter>3rd Party</Filter>
    </ClInclude>
    <ClInclude Include="include\SDL_loadso.h">
      <Filter>3rd Party</Filter>
    </ClInclude>
    <ClInclude Include="include\SDL_locale.h">
      <Filter>3rd Party</Filter>
    </ClInclude>
    <ClInclude Include="include\SDL_log.h">
      <Filter>3rd Party</Filter>
    </ClInclude>
    <ClInclude Include="include\SDL_main.h">
      <Filter>3rd Party</Filter>
    </ClInclude>
    <ClInclude Include="include\SDL_messagebox.h">
      <Filter>3rd Party</Filter>
    </ClInclude>
    <ClInclude Include="include\SDL_metal.h">
      <Filter>3rd Party</Filter>
    </ClInclude>
    <ClInclude Include="include\SDL_misc.h">
      <Filter>3rd Party</Filter>
    </ClInclude>
    <ClInclude Include="include\SDL_mouse.h">
      <Filter>3rd Party</Filter>
    </ClInclude>
    <ClInclude Include="include\SDL_mutex.h">
      <Filter>3rd Party</Filter>
    </ClInclude>
    <ClInclude Include="include\SDL_name.h">
      <Filter>3rd Party</Filter>
    </ClInclude>
    <ClInclude Include="include\SDL_opengl.h">
      <Filter>3rd Party</Filter>
    </ClInclude>
    <ClInclude Include="include\SDL_opengl_glext.h">
      <Filter>3rd Party</Filter>
    </ClInclude>
    <ClInclude Include="include\SDL_opengles.h">
      <Filter>3rd Party</Filter>
    </ClInclude>
    <ClInclude Include="include\SDL_opengles2.h">
      <Filter>3rd Party</Filter>
    </ClInclude>
    <ClInclude Include="include\SDL_opengles2_gl2.h">
      <Filter>3rd Party</Filter>
    </ClInclude>
    <ClInclude Include="include\SDL_opengles2_gl2ext.h">
      <Filter>3rd Party</Filter>
    </ClInclude>
    <ClInclude Include="include\SDL_opengles2_gl2platform.h">
      <Filter>3rd Party</Filter>
    </ClInclude>
    <ClInclude Include="include\SDL_opengles2_khrplatform.h">
      <Filter>3rd Party</Filter>
    </ClInclude>
    <ClInclude Include="include\SDL_pixels.h">
      <Filter>3rd Party</Filter>
    </ClInclude>
    <ClInclude Include="include\SDL_platform.h">
      <Filter>3rd Party</Filter>
    </ClInclude>
    <ClInclude Include="include\SDL_power.h">
      <Filter>3rd Party</Filter>
    </ClInclude>
    <ClInclude Include="include\SDL_quit.h">
      <Filter>3rd Party</Filter>
    </ClInclude>
    <ClInclude Include="include\SDL_rect.h">
      <Filter>3rd Party</Filter>
    </ClInclude>
    <ClInclude Include="include\SDL_render.h">
      <Filter>3rd Party</Filter>
    </ClInclude>
    <ClInclude Include="include\SDL_revision.h">
      <Filter>3rd Party</Filter>
    </ClInclude>
    <ClInclude Include="include\SDL_rwops.h">
      <Filter>3rd Party</Filter>
    </ClInclude>
    <ClInclude Include="include\SDL_scancode.h">
      <Filter>3rd Party</Filter>
    </ClInclude>
    <ClInclude Include="include\SDL_sensor.h">
      <Filter>3rd Party</Filter>
    </ClInclude>
    <ClInclude Include="include\SDL_shape.h">
      <Filter>3rd Party</Filter>
    </ClInclude>
    <ClInclude Include="include\SDL_stdinc.h">
      <Filter>3rd Party</Filter>
    </ClInclude>
    <ClInclude Include="include\SDL_surface.h">
      <Filter>3rd Party</Filter>
    </ClInclude>
    <ClInclude Include="include\SDL_system.h">
      <Filter>3rd Party</Filter>
    </ClInclude>
    <ClInclude Include="include\SDL_syswm.h">
      <Filter>3rd Party</Filter>
    </ClInclude>
    <ClInclude Include="include\SDL_test.h">
      <Filter>3rd Party</Filter>
    </ClInclude>
    <ClInclude Include="include\SDL_test_assert.h">
      <Filter>3rd Party</Filter>
    </ClInclude>
    <ClInclude Include="include\SDL_test_common.h">
      <Filter>3rd Party</Filter>
    </ClInclude>
    <ClInclude Include="include\SDL_test_compare.h">
      <Filter>3rd Party</Filter>
    </ClInclude>
    <ClInclude Include="include\SDL_test_crc32.h">
      <Filter>3rd Party</Filter>
    </ClInclude>
    <ClInclude Include="include\SDL_test_font.h">
      <Filter>3rd Party</Filter>
    </ClInclude>
    <ClInclude Include="include\SDL_test_fuzzer.h">
      <Filter>3rd Party</Filter>
    </ClInclude>
    <ClInclude Include="include\SDL_test_harness.h">
      <Filter>3rd Party</Filter>
    </ClInclude>
    <ClInclude Include="include\SDL_test_images.h">
      <Filter>3rd Party</Filter>
    </ClInclude>
    <ClInclude Include="include\SDL_test_log.h">
      <Filter>3rd Party</Filter>
    </ClInclude>
    <ClInclude Include="include\SDL_test_md5.h">
      <Filter>3rd Party</Filter>
    </ClInclude>
    <ClInclude Include="include\SDL_test_memory.h">
      <Filter>3rd Party</Filter>
    </ClInclude>
    <ClInclude Include="include\SDL_test_random.h">
      <Filter>3rd Party</Filter>
    </ClInclude>
    <ClInclude Include="include\SDL_thread.h">
      <Filter>3rd Party</Filter>
    </ClInclude>
    <ClInclude Include="include\SDL_timer.h">
      <Filter>3rd Party</Filter>
    </ClInclude>
    <ClInclude Include="include\SDL_touch.h">
      <Filter>3rd Party</Filter>
    </ClInclude>
    <ClInclude Include="include\SDL_ttf.h">
      <Filter>3rd Party</Filter>
    </ClInclude>
    <ClInclude Include="include\SDL_types.h">
      <Filter>3rd Party</Filter>
    </ClInclude>
    <ClInclude Include="include\SDL_version.h">
      <Filter>3rd Party</Filter>
    </ClInclude>
    <ClInclude Include="include\SDL_video.h">
      <Filter>3rd Party</Filter>
    </ClInclude>
    <ClInclude Include="include\SDL_vulkan.h">
      <Filter>3rd Party</Filter>
    </ClInclude>
    <ClInclude Include="include\DMFastDelegate.h">
      <Filter>3rd Party</Filter>
    </ClInclude>
    <ClInclude Include="source\editWindow.h">
      <Filter>Source Files</Filter>
    </ClInclude>
    <ClInclude Include="source\compiler.h">
      <Filter>Source Files</Filter>
    </ClInclude>
    <ClInclude Include="source\appSettings.h">
      <Filter>Source Files</Filter>
    </ClInclude>
    <ClInclude Include="source\cmdManager.h">
      <Filter>Source Files</Filter>
    </ClInclude>
    <ClInclude Include="source\thread.h">
      <Filter>Source Files</Filter>
    </ClInclude>
    <ClInclude Include="source\logWindow.h">
      <Filter>Source Files</Filter>
    </ClInclude>
    <ClInclude Include="source\contextualHelp.h">
      <Filter>Source Files</Filter>
    </ClInclude>
    <ClInclude Include="source\tinyfiledialogs.h">
      <Filter>3rd Party</Filter>
    </ClInclude>
    <ClInclude Include="resource.h">
      <Filter>3rd Party</Filter>
    </ClInclude>
    <ClInclude Include="source\chips\cia1.h">
      <Filter>Source Files\chips</Filter>
    </ClInclude>
    <ClInclude Include="source\chips\cia2.h">
      <Filter>Source Files\chips</Filter>
    </ClInclude>
    <ClInclude Include="source\chips\cpu6502.h">
      <Filter>Source Files\chips</Filter>
    </ClInclude>
    <ClInclude Include="source\chips\sid.h">
      <Filter>Source Files\chips</Filter>
    </ClInclude>
    <ClInclude Include="source\chips\vic.h">
      <Filter>Source Files\chips</Filter>
    </ClInclude>
    <ClInclude Include="source\chips\memc64.h">
      <Filter>Source Files\chips</Filter>
    </ClInclude>
    <ClInclude Include="source\chips\c64ram.h">
      <Filter>Source Files\chips</Filter>
    </ClInclude>
    <ClInclude Include="source\emulatorc64.h">
      <Filter>Source Files</Filter>
    </ClInclude>
    <ClInclude Include="source\dockableManager.h">
      <Filter>Source Files</Filter>
    </ClInclude>
    <ClInclude Include="source\dockableWindow.h">
      <Filter>Source Files</Filter>
    </ClInclude>
    <ClInclude Include="source\uiItem.h">
      <Filter>Source Files</Filter>
    </ClInclude>
    <ClInclude Include="source\uiItem_textButton.h">
      <Filter>Source Files</Filter>
    </ClInclude>
    <ClInclude Include="source\dockableWindow_log.h">
      <Filter>Source Files</Filter>
    </ClInclude>
    <ClInclude Include="source\dockableWindow_emulatorScreen.h">
      <Filter>Source Files</Filter>
    </ClInclude>
    <ClInclude Include="source\uiItem_textBox.h">
      <Filter>Source Files</Filter>
    </ClInclude>
    <ClInclude Include="source\dockableWindow_searchAndReplace.h">
      <Filter>Source Files</Filter>
    </ClInclude>
    <ClInclude Include="source\dockableWindow_memoryDump.h">
      <Filter>Source Files</Filter>
    </ClInclude>
  </ItemGroup>
  <ItemGroup>
    <None Include="include\SDL_config.h.cmake">
      <Filter>3rd Party</Filter>
    </None>
    <None Include="include\SDL_config.h.in">
      <Filter>3rd Party</Filter>
    </None>
    <None Include="include\SDL_config_macosx.h.orig">
      <Filter>3rd Party</Filter>
    </None>
  </ItemGroup>
  <ItemGroup>
    <ResourceCompile Include="Mad64.rc" />
  </ItemGroup>
  <ItemGroup>
    <Image Include="mad64.ico" />
  </ItemGroup>
  <ItemGroup>
    <Text Include="readme.txt">
      <Filter>Source Files</Filter>
    </Text>
  </ItemGroup>
</Project>